
Microsoft Visual Studio Solution File, Format Version 12.00
# Visual Studio Version 17
VisualStudioVersion = 17.2.32602.215
MinimumVisualStudioVersion = 10.0.40219.1
Project("{FAE04EC0-301F-11D3-BF4B-00C04F79EFBC}") = "ConsoleApp1", "ConsoleApp1\ConsoleApp1.csproj", "{38851D8A-57F0-498C-BC63-79C20F096ED3}"
EndProject
Global
	GlobalSection(SolutionConfigurationPlatforms) = preSolution
		Debug|Any CPU = Debug|Any CPU
		Release|Any CPU = Release|Any CPU
	EndGlobalSection
	GlobalSection(ProjectConfigurationPlatforms) = postSolution
		{38851D8A-57F0-498C-BC63-79C20F096ED3}.Debug|Any CPU.ActiveCfg = Debug|Any CPU
		{38851D8A-57F0-498C-BC63-79C20F096ED3}.Debug|Any CPU.Build.0 = Debug|Any CPU
		{38851D8A-57F0-498C-BC63-79C20F096ED3}.Release|Any CPU.ActiveCfg = Release|Any CPU
		{38851D8A-57F0-498C-BC63-79C20F096ED3}.Release|Any CPU.Build.0 = Release|Any CPU
	EndGlobalSection
	GlobalSection(SolutionProperties) = preSolution
		HideSolutionNode = FALSE
	EndGlobalSection
	GlobalSection(ExtensibilityGlobals) = postSolution
		SolutionGuid = {FE119D20-C5C1-45EE-83CF-1D73FDAFC3D8}
	EndGlobalSection
EndGlobal
